
Microsoft Visual Studio Solution File, Format Version 12.00
# Visual Studio Version 17
VisualStudioVersion = 17.11.35312.102
MinimumVisualStudioVersion = 10.0.40219.1
Project("{9A19103F-16F7-4668-BE54-9A1E7A4F7556}") = "meTesting.HRM.API", "meTesting.API\meTesting.HRM.API.csproj", "{BC92293C-C833-44FD-8647-6A1447807F16}"
EndProject
Global
	GlobalSection(SolutionConfigurationPlatforms) = preSolution
		Debug|Any CPU = Debug|Any CPU
		Release|Any CPU = Release|Any CPU
	EndGlobalSection
	GlobalSection(ProjectConfigurationPlatforms) = postSolution
		{BC92293C-C833-44FD-8647-6A1447807F16}.Debug|Any CPU.ActiveCfg = Debug|Any CPU
		{BC92293C-C833-44FD-8647-6A1447807F16}.Debug|Any CPU.Build.0 = Debug|Any CPU
		{BC92293C-C833-44FD-8647-6A1447807F16}.Release|Any CPU.ActiveCfg = Release|Any CPU
		{BC92293C-C833-44FD-8647-6A1447807F16}.Release|Any CPU.Build.0 = Release|Any CPU
	EndGlobalSection
	GlobalSection(SolutionProperties) = preSolution
		HideSolutionNode = FALSE
	EndGlobalSection
	GlobalSection(ExtensibilityGlobals) = postSolution
		SolutionGuid = {D57DF903-13B0-42A2-92DA-49ADC171CA83}
	EndGlobalSection
EndGlobal
